{
  "lockfile_version": "1",
  "packages": {
    "go@1.22.3": {
      "last_modified": "2024-06-11T07:07:27Z",
      "resolved": "github:NixOS/nixpkgs/f7207adcc68d9cafa29e3cd252a18743ae512c6a#go",
      "source": "devbox-search",
      "version": "1.22.3",
      "systems": {
        "aarch64-darwin": {
          "outputs": [
            {
              "name": "out",
              "path": "/nix/store/i04a1a6qgxhjw6c0ld2b3x1v815sbxjc-go-1.22.3",
              "default": true
            }
          ],
          "store_path": "/nix/store/i04a1a6qgxhjw6c0ld2b3x1v815sbxjc-go-1.22.3"
        },
        "aarch64-linux": {
          "outputs": [
            {
              "name": "out",
              "path": "/nix/store/d68f2iblysnl0r4qcfdacmdpmvvy86kf-go-1.22.3",
              "default": true
            }
          ],
          "store_path": "/nix/store/d68f2iblysnl0r4qcfdacmdpmvvy86kf-go-1.22.3"
        },
        "x86_64-darwin": {
          "outputs": [
            {
              "name": "out",
              "path": "/nix/store/1p6vr83cgyfwm8517jhfmf6lypzhy3q2-go-1.22.3",
              "default": true
            }
          ],
          "store_path": "/nix/store/1p6vr83cgyfwm8517jhfmf6lypzhy3q2-go-1.22.3"
        },
        "x86_64-linux": {
          "outputs": [
            {
              "name": "out",
              "path": "/nix/store/00mg4vlhzmm7gi9bd5v5ydjlgrywpc3n-go-1.22.3",
              "default": true
            }
          ],
          "store_path": "/nix/store/00mg4vlhzmm7gi9bd5v5ydjlgrywpc3n-go-1.22.3"
        }
      }
    },
    "k6@0.51.0": {
      "last_modified": "2024-06-11T07:07:27Z",
      "resolved": "github:NixOS/nixpkgs/f7207adcc68d9cafa29e3cd252a18743ae512c6a#k6",
      "source": "devbox-search",
      "version": "0.51.0",
      "systems": {
        "aarch64-darwin": {
          "outputs": [
            {
              "name": "out",
              "path": "/nix/store/2fsnnq2s3cqbi2p8lph6pbg3cm8zidgh-k6-0.51.0",
              "default": true
            }
          ],
          "store_path": "/nix/store/2fsnnq2s3cqbi2p8lph6pbg3cm8zidgh-k6-0.51.0"
        },
        "aarch64-linux": {
          "outputs": [
            {
              "name": "out",
              "path": "/nix/store/72r0iph2g4s62rsswnanczrdmjxk6jaj-k6-0.51.0",
              "default": true
            }
          ],
          "store_path": "/nix/store/72r0iph2g4s62rsswnanczrdmjxk6jaj-k6-0.51.0"
        },
        "x86_64-darwin": {
          "outputs": [
            {
              "name": "out",
              "path": "/nix/store/s6iin608sfhk21pzpx1xm68y7za9j6xy-k6-0.51.0",
              "default": true
            }
          ],
          "store_path": "/nix/store/s6iin608sfhk21pzpx1xm68y7za9j6xy-k6-0.51.0"
        },
        "x86_64-linux": {
          "outputs": [
            {
              "name": "out",
              "path": "/nix/store/hf7zbpfdh930ih83wpdd5a1dw5jk7riv-k6-0.51.0",
              "default": true
            }
          ],
          "store_path": "/nix/store/hf7zbpfdh930ih83wpdd5a1dw5jk7riv-k6-0.51.0"
        }
      }
    },
    "nodejs@22.3.0": {
      "last_modified": "2024-06-18T20:33:49Z",
      "plugin_version": "0.0.2",
      "resolved": "github:NixOS/nixpkgs/37a45fb6993f14555f50b18fbcf4945b82a35707#nodejs_22",
      "source": "devbox-search",
      "version": "22.3.0",
      "systems": {
        "aarch64-darwin": {
          "outputs": [
            {
              "name": "out",
              "path": "/nix/store/ig6c5qlywzk9f4zwf4hdpnyyx91vyqyc-nodejs-22.3.0",
              "default": true
            },
            {
              "name": "libv8",
              "path": "/nix/store/zg4vwp25r1v52vm2mxd6v64c1gr3jbj9-nodejs-22.3.0-libv8"
            }
          ],
          "store_path": "/nix/store/ig6c5qlywzk9f4zwf4hdpnyyx91vyqyc-nodejs-22.3.0"
        },
        "aarch64-linux": {
          "outputs": [
            {
              "name": "out",
              "path": "/nix/store/j2pwm80va47mfz7r5w1640rm6b9sp269-nodejs-22.3.0",
              "default": true
            },
            {
              "name": "libv8",
              "path": "/nix/store/j2lx401mqs3w7swg713irnnsfn88f8sx-nodejs-22.3.0-libv8"
            }
          ],
          "store_path": "/nix/store/j2pwm80va47mfz7r5w1640rm6b9sp269-nodejs-22.3.0"
        },
        "x86_64-darwin": {
          "outputs": [
            {
              "name": "out",
              "path": "/nix/store/3cqbw1xcmc0xml8s3ys7jviaxvqyjldy-nodejs-22.3.0",
              "default": true
            },
            {
              "name": "libv8",
              "path": "/nix/store/zk7izr97gl525arvyi4mfwxnhx5wl7hx-nodejs-22.3.0-libv8"
            }
          ],
          "store_path": "/nix/store/3cqbw1xcmc0xml8s3ys7jviaxvqyjldy-nodejs-22.3.0"
        },
        "x86_64-linux": {
          "outputs": [
            {
              "name": "out",
              "path": "/nix/store/zklzfb51mxs8pqdpwh6h51jkir50hq54-nodejs-22.3.0",
              "default": true
            },
            {
              "name": "libv8",
              "path": "/nix/store/5dmd41abvjrw0chbz9m2yk27h61vpva9-nodejs-22.3.0-libv8"
            }
          ],
          "store_path": "/nix/store/zklzfb51mxs8pqdpwh6h51jkir50hq54-nodejs-22.3.0"
        }
      }
    },
    "yarn-berry@latest": {
      "last_modified": "2024-06-11T07:07:27Z",
      "resolved": "github:NixOS/nixpkgs/f7207adcc68d9cafa29e3cd252a18743ae512c6a#yarn-berry",
      "source": "devbox-search",
      "version": "4.2.2",
      "systems": {
        "aarch64-darwin": {
          "outputs": [
            {
              "name": "out",
              "path": "/nix/store/8gxgmhw1k5vjx8vmyii5398qd1y9rvi2-yarn-berry-4.2.2",
              "default": true
            }
          ],
          "store_path": "/nix/store/8gxgmhw1k5vjx8vmyii5398qd1y9rvi2-yarn-berry-4.2.2"
        },
        "aarch64-linux": {
          "outputs": [
            {
              "name": "out",
              "path": "/nix/store/vp3rlpss5vwxhjwhfxavim7ppnwi0q5g-yarn-berry-4.2.2",
              "default": true
            }
          ],
          "store_path": "/nix/store/vp3rlpss5vwxhjwhfxavim7ppnwi0q5g-yarn-berry-4.2.2"
        },
        "x86_64-darwin": {
          "outputs": [
            {
              "name": "out",
              "path": "/nix/store/w8dslxrmf8ha60si05kgisrmry2v4hga-yarn-berry-4.2.2",
              "default": true
            }
          ],
          "store_path": "/nix/store/w8dslxrmf8ha60si05kgisrmry2v4hga-yarn-berry-4.2.2"
        },
        "x86_64-linux": {
          "outputs": [
            {
              "name": "out",
              "path": "/nix/store/rykzggk51v8rsdgc87ryh3p46s1ira60-yarn-berry-4.2.2",
              "default": true
            }
          ],
          "store_path": "/nix/store/rykzggk51v8rsdgc87ryh3p46s1ira60-yarn-berry-4.2.2"
        }
      }
    }
  }
}
